
Microsoft Visual Studio Solution File, Format Version 12.00
# Visual Studio Version 17
VisualStudioVersion = 17.7.34031.279
MinimumVisualStudioVersion = 10.0.40219.1
Project("{8BC9CEB8-8B4A-11D0-8D11-00A0C91BC942}") = "Project0312", "Project0312.vcxproj", "{DB18932C-CC62-4C1E-9AD8-9A250311D966}"
EndProject
Global
	GlobalSection(SolutionConfigurationPlatforms) = preSolution
		Debug|x64 = Debug|x64
		Debug|x86 = Debug|x86
		Release|x64 = Release|x64
		Release|x86 = Release|x86
	EndGlobalSection
	GlobalSection(ProjectConfigurationPlatforms) = postSolution
		{DB18932C-CC62-4C1E-9AD8-9A250311D966}.Debug|x64.ActiveCfg = Debug|x64
		{DB18932C-CC62-4C1E-9AD8-9A250311D966}.Debug|x64.Build.0 = Debug|x64
		{DB18932C-CC62-4C1E-9AD8-9A250311D966}.Debug|x86.ActiveCfg = Debug|Win32
		{DB18932C-CC62-4C1E-9AD8-9A250311D966}.Debug|x86.Build.0 = Debug|Win32
		{DB18932C-CC62-4C1E-9AD8-9A250311D966}.Release|x64.ActiveCfg = Release|x64
		{DB18932C-CC62-4C1E-9AD8-9A250311D966}.Release|x64.Build.0 = Release|x64
		{DB18932C-CC62-4C1E-9AD8-9A250311D966}.Release|x86.ActiveCfg = Release|Win32
		{DB18932C-CC62-4C1E-9AD8-9A250311D966}.Release|x86.Build.0 = Release|Win32
	EndGlobalSection
	GlobalSection(SolutionProperties) = preSolution
		HideSolutionNode = FALSE
	EndGlobalSection
	GlobalSection(ExtensibilityGlobals) = postSolution
		SolutionGuid = {488EE1BB-925E-44EE-B27D-12B08E95C207}
	EndGlobalSection
EndGlobal
