
Microsoft Visual Studio Solution File, Format Version 12.00
# Visual Studio Version 17
VisualStudioVersion = 17.7.34031.279
MinimumVisualStudioVersion = 10.0.40219.1
Project("{8BC9CEB8-8B4A-11D0-8D11-00A0C91BC942}") = "Project0313_继承", "Project0313_继承.vcxproj", "{084C0A6E-D4D2-46C6-9942-0974F7B32BF1}"
EndProject
Global
	GlobalSection(SolutionConfigurationPlatforms) = preSolution
		Debug|x64 = Debug|x64
		Debug|x86 = Debug|x86
		Release|x64 = Release|x64
		Release|x86 = Release|x86
	EndGlobalSection
	GlobalSection(ProjectConfigurationPlatforms) = postSolution
		{084C0A6E-D4D2-46C6-9942-0974F7B32BF1}.Debug|x64.ActiveCfg = Debug|x64
		{084C0A6E-D4D2-46C6-9942-0974F7B32BF1}.Debug|x64.Build.0 = Debug|x64
		{084C0A6E-D4D2-46C6-9942-0974F7B32BF1}.Debug|x86.ActiveCfg = Debug|Win32
		{084C0A6E-D4D2-46C6-9942-0974F7B32BF1}.Debug|x86.Build.0 = Debug|Win32
		{084C0A6E-D4D2-46C6-9942-0974F7B32BF1}.Release|x64.ActiveCfg = Release|x64
		{084C0A6E-D4D2-46C6-9942-0974F7B32BF1}.Release|x64.Build.0 = Release|x64
		{084C0A6E-D4D2-46C6-9942-0974F7B32BF1}.Release|x86.ActiveCfg = Release|Win32
		{084C0A6E-D4D2-46C6-9942-0974F7B32BF1}.Release|x86.Build.0 = Release|Win32
	EndGlobalSection
	GlobalSection(SolutionProperties) = preSolution
		HideSolutionNode = FALSE
	EndGlobalSection
	GlobalSection(ExtensibilityGlobals) = postSolution
		SolutionGuid = {B8E5C6FC-1DF2-44E1-ABA2-9C5F848DF397}
	EndGlobalSection
EndGlobal
